
Microsoft Visual Studio Solution File, Format Version 12.00
# Visual Studio 15
VisualStudioVersion = 15.0.28010.2048
MinimumVisualStudioVersion = 10.0.40219.1
Project("{9092AA53-FB77-4645-B42D-1CCCA6BD08BD}") = "prototype", "prototype\prototype.njsproj", "{AC9CE7A4-B5D8-45FF-9891-175920451064}"
EndProject
Global
	GlobalSection(SolutionConfigurationPlatforms) = preSolution
		Debug|Any CPU = Debug|Any CPU
		Release|Any CPU = Release|Any CPU
	EndGlobalSection
	GlobalSection(ProjectConfigurationPlatforms) = postSolution
		{AC9CE7A4-B5D8-45FF-9891-175920451064}.Debug|Any CPU.ActiveCfg = Debug|Any CPU
		{AC9CE7A4-B5D8-45FF-9891-175920451064}.Debug|Any CPU.Build.0 = Debug|Any CPU
		{AC9CE7A4-B5D8-45FF-9891-175920451064}.Release|Any CPU.ActiveCfg = Release|Any CPU
		{AC9CE7A4-B5D8-45FF-9891-175920451064}.Release|Any CPU.Build.0 = Release|Any CPU
	EndGlobalSection
	GlobalSection(SolutionProperties) = preSolution
		HideSolutionNode = FALSE
	EndGlobalSection
	GlobalSection(ExtensibilityGlobals) = postSolution
		SolutionGuid = {0D8063F2-7597-4397-AC74-6A16E7F6438D}
	EndGlobalSection
EndGlobal
